
Microsoft Visual Studio Solution File, Format Version 12.00
# Visual Studio 15
Project("{FAE04EC0-301F-11D3-BF4B-00C04F79EFBC}") = "Assembly-CSharp", "Assembly-CSharp.csproj", "{30C30F96-1BBF-A542-5964-F376A30791D8}"
EndProject
Project("{FAE04EC0-301F-11D3-BF4B-00C04F79EFBC}") = "Assembly-CSharp-firstpass", "Assembly-CSharp-firstpass.csproj", "{976B91F8-B76D-3AEB-22AD-F160052A046D}"
EndProject
Project("{FAE04EC0-301F-11D3-BF4B-00C04F79EFBC}") = "Assembly-CSharp-Editor", "Assembly-CSharp-Editor.csproj", "{1233507A-35FE-C9F0-3882-F9214607EB95}"
EndProject
Global
	GlobalSection(SolutionConfigurationPlatforms) = preSolution
		Debug|Any CPU = Debug|Any CPU
		Release|Any CPU = Release|Any CPU
	EndGlobalSection
	GlobalSection(ProjectConfigurationPlatforms) = postSolution
		{30C30F96-1BBF-A542-5964-F376A30791D8}.Debug|Any CPU.ActiveCfg = Debug|Any CPU
		{30C30F96-1BBF-A542-5964-F376A30791D8}.Debug|Any CPU.Build.0 = Debug|Any CPU
		{30C30F96-1BBF-A542-5964-F376A30791D8}.Release|Any CPU.ActiveCfg = Release|Any CPU
		{30C30F96-1BBF-A542-5964-F376A30791D8}.Release|Any CPU.Build.0 = Release|Any CPU
		{976B91F8-B76D-3AEB-22AD-F160052A046D}.Debug|Any CPU.ActiveCfg = Debug|Any CPU
		{976B91F8-B76D-3AEB-22AD-F160052A046D}.Debug|Any CPU.Build.0 = Debug|Any CPU
		{976B91F8-B76D-3AEB-22AD-F160052A046D}.Release|Any CPU.ActiveCfg = Release|Any CPU
		{976B91F8-B76D-3AEB-22AD-F160052A046D}.Release|Any CPU.Build.0 = Release|Any CPU
		{1233507A-35FE-C9F0-3882-F9214607EB95}.Debug|Any CPU.ActiveCfg = Debug|Any CPU
		{1233507A-35FE-C9F0-3882-F9214607EB95}.Debug|Any CPU.Build.0 = Debug|Any CPU
		{1233507A-35FE-C9F0-3882-F9214607EB95}.Release|Any CPU.ActiveCfg = Release|Any CPU
		{1233507A-35FE-C9F0-3882-F9214607EB95}.Release|Any CPU.Build.0 = Release|Any CPU
	EndGlobalSection
	GlobalSection(SolutionProperties) = preSolution
		HideSolutionNode = FALSE
	EndGlobalSection
EndGlobal
